
Microsoft Visual Studio Solution File, Format Version 12.00
# Visual Studio 15
VisualStudioVersion = 15.0.27520.0
MinimumVisualStudioVersion = 10.0.40219.1
Project("{FAE04EC0-301F-11D3-BF4B-00C04F79EFBC}") = "MinPlaintext", "MinPlaintext\MinPlaintext.csproj", "{77371D14-7DB1-404C-AE33-8E263FA354A5}"
EndProject
Global
	GlobalSection(SolutionConfigurationPlatforms) = preSolution
		Debug|Any CPU = Debug|Any CPU
		Release|Any CPU = Release|Any CPU
	EndGlobalSection
	GlobalSection(ProjectConfigurationPlatforms) = postSolution
		{77371D14-7DB1-404C-AE33-8E263FA354A5}.Debug|Any CPU.ActiveCfg = Debug|Any CPU
		{77371D14-7DB1-404C-AE33-8E263FA354A5}.Debug|Any CPU.Build.0 = Debug|Any CPU
		{77371D14-7DB1-404C-AE33-8E263FA354A5}.Release|Any CPU.ActiveCfg = Release|Any CPU
		{77371D14-7DB1-404C-AE33-8E263FA354A5}.Release|Any CPU.Build.0 = Release|Any CPU
	EndGlobalSection
	GlobalSection(SolutionProperties) = preSolution
		HideSolutionNode = FALSE
	EndGlobalSection
	GlobalSection(ExtensibilityGlobals) = postSolution
		SolutionGuid = {D00E1359-3760-45E0-B8F7-0B988D718CF6}
	EndGlobalSection
EndGlobal
